
Microsoft Visual Studio Solution File, Format Version 12.00
# Visual Studio Version 17
VisualStudioVersion = 17.9.34728.123
MinimumVisualStudioVersion = 10.0.40219.1
Project("{FAE04EC0-301F-11D3-BF4B-00C04F79EFBC}") = "ShortenerUrl", "ShortenerUrl\ShortenerUrl.csproj", "{3CFBA035-203E-4F98-9491-3880DDB2413E}"
EndProject
Project("{E53339B2-1760-4266-BCC7-CA923CBCF16C}") = "docker-compose", "docker-compose.dcproj", "{D11B35A6-35BB-4DD0-B949-35723B9850AD}"
EndProject
Global
	GlobalSection(SolutionConfigurationPlatforms) = preSolution
		Debug|Any CPU = Debug|Any CPU
		Release|Any CPU = Release|Any CPU
	EndGlobalSection
	GlobalSection(ProjectConfigurationPlatforms) = postSolution
		{3CFBA035-203E-4F98-9491-3880DDB2413E}.Debug|Any CPU.ActiveCfg = Debug|Any CPU
		{3CFBA035-203E-4F98-9491-3880DDB2413E}.Debug|Any CPU.Build.0 = Debug|Any CPU
		{3CFBA035-203E-4F98-9491-3880DDB2413E}.Release|Any CPU.ActiveCfg = Release|Any CPU
		{3CFBA035-203E-4F98-9491-3880DDB2413E}.Release|Any CPU.Build.0 = Release|Any CPU
		{D11B35A6-35BB-4DD0-B949-35723B9850AD}.Debug|Any CPU.ActiveCfg = Debug|Any CPU
		{D11B35A6-35BB-4DD0-B949-35723B9850AD}.Debug|Any CPU.Build.0 = Debug|Any CPU
		{D11B35A6-35BB-4DD0-B949-35723B9850AD}.Release|Any CPU.ActiveCfg = Release|Any CPU
		{D11B35A6-35BB-4DD0-B949-35723B9850AD}.Release|Any CPU.Build.0 = Release|Any CPU
	EndGlobalSection
	GlobalSection(SolutionProperties) = preSolution
		HideSolutionNode = FALSE
	EndGlobalSection
	GlobalSection(ExtensibilityGlobals) = postSolution
		SolutionGuid = {19EB6EB3-E811-46C8-931C-1684593FC1A7}
	EndGlobalSection
EndGlobal
